<?xml version="1.0" encoding="utf-8"?>
<Project ToolsVersion="4.0" xmlns="http://schemas.microsoft.com/developer/msbuild/2003">
  <ItemGroup>
    <ClCompile Include="tests.cpp" />
    <ClCompile Include="..\lib_signals\unittests\async.cpp">
      <Filter>signals</Filter>
    </ClCompile>
    <ClCompile Include="..\lib_signals\unittests\module.cpp">
      <Filter>signals</Filter>
    </ClCompile>
    <ClCompile Include="..\lib_signals\unittests\perf.cpp">
      <Filter>signals</Filter>
    </ClCompile>
    <ClCompile Include="..\lib_signals\unittests\simple.cpp">
      <Filter>signals</Filter>
    </ClCompile>
    <ClCompile Include="..\lib_utils\unittests\clock.cpp">
      <Filter>utils</Filter>
    </ClCompile>
    <ClCompile Include="..\lib_utils\unittests\fifo.cpp">
      <Filter>utils</Filter>
    </ClCompile>
    <ClCompile Include="..\lib_utils\unittests\misc.cpp">
      <Filter>utils</Filter>
    </ClCompile>
    <ClCompile Include="..\lib_utils\unittests\queue.cpp">
      <Filter>utils</Filter>
    </ClCompile>
    <ClCompile Include="..\lib_utils\unittests\scheduler.cpp">
      <Filter>utils</Filter>
    </ClCompile>
    <ClCompile Include="..\lib_pipeline\unittests\pipeline_topology.cpp">
      <Filter>pipeline</Filter>
    </ClCompile>
    <ClCompile Include="..\lib_pipeline\unittests\pipeline_base.cpp">
      <Filter>pipeline</Filter>
    </ClCompile>
    <ClCompile Include="..\lib_pipeline\unittests\pipeline_dynamic.cpp">
      <Filter>pipeline</Filter>
    </ClCompile>
    <ClCompile Include="..\lib_pipeline\unittests\pipeline_interrupt.cpp">
      <Filter>pipeline</Filter>
    </ClCompile>
    <ClCompile Include="..\lib_media\unittests\mpeg_dash_input.cpp">
      <Filter>media</Filter>
    </ClCompile>
    <ClCompile Include="..\lib_media\unittests\player.cpp">
      <Filter>media</Filter>
    </ClCompile>
    <ClCompile Include="..\lib_media\unittests\rectifier.cpp">
      <Filter>media</Filter>
    </ClCompile>
    <ClCompile Include="..\lib_media\unittests\render.cpp">
      <Filter>media</Filter>
    </ClCompile>
    <ClCompile Include="..\lib_media\unittests\decoder.cpp">
      <Filter>media</Filter>
    </ClCompile>
    <ClCompile Include="..\lib_media\unittests\demux.cpp">
      <Filter>media</Filter>
    </ClCompile>
    <ClCompile Include="..\lib_media\unittests\encoder.cpp">
      <Filter>media</Filter>
    </ClCompile>
    <ClCompile Include="..\lib_media\unittests\timings.cpp">
      <Filter>media</Filter>
    </ClCompile>
    <ClCompile Include="..\lib_media\unittests\transcoder.cpp">
      <Filter>media</Filter>
    </ClCompile>
    <ClCompile Include="..\lib_media\unittests\streamer.cpp">
      <Filter>media</Filter>
    </ClCompile>
    <ClCompile Include="..\lib_media\unittests\expand_vars.cpp">
      <Filter>media</Filter>
    </ClCompile>
    <ClCompile Include="..\lib_appcommon\unittests\options.cpp">
      <Filter>appcommon</Filter>
    </ClCompile>
    <ClCompile Include="..\lib_media\unittests\mux.cpp">
      <Filter>media</Filter>
    </ClCompile>
    <ClCompile Include="..\lib_media\unittests\converter.cpp">
      <Filter>media</Filter>
    </ClCompile>
    <ClCompile Include="..\lib_utils\unittests\fraction.cpp">
      <Filter>utils</Filter>
    </ClCompile>
    <ClCompile Include="..\lib_media\unittests\demux_decoder.cpp">
      <Filter>media</Filter>
    </ClCompile>
    <ClCompile Include="..\lib_media\unittests\erasure.cpp">
      <Filter>media</Filter>
    </ClCompile>
    <ClCompile Include="..\lib_media\unittests\generator.cpp">
      <Filter>media</Filter>
    </ClCompile>
    <ClCompile Include="..\lib_media\unittests\metadata.cpp">
      <Filter>media</Filter>
    </ClCompile>
    <ClCompile Include="..\lib_media\unittests\simple.cpp">
      <Filter>media</Filter>
    </ClCompile>
  </ItemGroup>
  <ItemGroup>
    <Filter Include="signals">
      <UniqueIdentifier>{7bf9eaed-692e-4050-b005-92e0d8380a51}</UniqueIdentifier>
    </Filter>
    <Filter Include="utils">
      <UniqueIdentifier>{3c559c0f-217e-44bb-bd8a-f93069e3d2d3}</UniqueIdentifier>
    </Filter>
    <Filter Include="pipeline">
      <UniqueIdentifier>{914c89f5-a11d-41ab-8cda-b6389393b93d}</UniqueIdentifier>
    </Filter>
    <Filter Include="modules">
      <UniqueIdentifier>{36ce03be-6e4c-45d7-955c-f977ae54dfee}</UniqueIdentifier>
    </Filter>
    <Filter Include="media">
      <UniqueIdentifier>{e4afaae9-1e9c-4c2e-952e-56b6f681af6e}</UniqueIdentifier>
    </Filter>
    <Filter Include="appcommon">
      <UniqueIdentifier>{78864fc4-b593-4732-b496-41bda7d7f68e}</UniqueIdentifier>
    </Filter>
  </ItemGroup>
  <ItemGroup>
    <ClInclude Include="tests.hpp" />
    <ClInclude Include="..\lib_pipeline\unittests\pipeline_common.hpp">
      <Filter>pipeline</Filter>
    </ClInclude>
    <ClInclude Include="..\lib_modules\unittests\modules_common.hpp">
      <Filter>modules</Filter>
    </ClInclude>
  </ItemGroup>
</Project>