<?xml version="1.0" encoding="utf-8"?>
<Project ToolsVersion="4.0" xmlns="http://schemas.microsoft.com/developer/msbuild/2003">
  <ItemGroup>
    <ClInclude Include="media.hpp" />
    <ClInclude Include="in\file.hpp">
      <Filter>src\in</Filter>
    </ClInclude>
    <ClInclude Include="in\sound_generator.hpp">
      <Filter>src\in</Filter>
    </ClInclude>
    <ClInclude Include="in\video_generator.hpp">
      <Filter>src\in</Filter>
    </ClInclude>
    <ClInclude Include="out\file.hpp">
      <Filter>src\out</Filter>
    </ClInclude>
    <ClInclude Include="out\null.hpp">
      <Filter>src\out</Filter>
    </ClInclude>
    <ClInclude Include="out\print.hpp">
      <Filter>src\out</Filter>
    </ClInclude>
    <ClInclude Include="decode\jpegturbo_decode.hpp">
      <Filter>src\decode</Filter>
    </ClInclude>
    <ClInclude Include="decode\libav_decode.hpp">
      <Filter>src\decode</Filter>
    </ClInclude>
    <ClInclude Include="render\render_common.hpp">
      <Filter>src\render</Filter>
    </ClInclude>
    <ClInclude Include="render\sdl_audio.hpp">
      <Filter>src\render</Filter>
    </ClInclude>
    <ClInclude Include="render\sdl_video.hpp">
      <Filter>src\render</Filter>
    </ClInclude>
    <ClInclude Include="encode\jpegturbo_encode.hpp">
      <Filter>src\encode</Filter>
    </ClInclude>
    <ClInclude Include="encode\libav_encode.hpp">
      <Filter>src\encode</Filter>
    </ClInclude>
    <ClInclude Include="mux\gpac_mux_m2ts.hpp">
      <Filter>src\mux</Filter>
    </ClInclude>
    <ClInclude Include="mux\gpac_mux_mp4.hpp">
      <Filter>src\mux</Filter>
    </ClInclude>
    <ClInclude Include="mux\libav_mux.hpp">
      <Filter>src\mux</Filter>
    </ClInclude>
    <ClInclude Include="transform\audio_convert.hpp">
      <Filter>src\transform</Filter>
    </ClInclude>
    <ClInclude Include="transform\restamp.hpp">
      <Filter>src\transform</Filter>
    </ClInclude>
    <ClInclude Include="transform\video_convert.hpp">
      <Filter>src\transform</Filter>
    </ClInclude>
    <ClInclude Include="utils\comparator.hpp">
      <Filter>src\utils</Filter>
    </ClInclude>
    <ClInclude Include="utils\recorder.hpp">
      <Filter>src\utils</Filter>
    </ClInclude>
    <ClInclude Include="demux\gpac_demux_mp4_full.hpp">
      <Filter>src\demux</Filter>
    </ClInclude>
    <ClInclude Include="demux\gpac_demux_mp4_simple.hpp">
      <Filter>src\demux</Filter>
    </ClInclude>
    <ClInclude Include="demux\libav_demux.hpp">
      <Filter>src\demux</Filter>
    </ClInclude>
    <ClInclude Include="common\libav.hpp">
      <Filter>src\common</Filter>
    </ClInclude>
    <ClInclude Include="common\pcm.hpp">
      <Filter>src\common</Filter>
    </ClInclude>
    <ClInclude Include="common\picture.hpp">
      <Filter>src\common</Filter>
    </ClInclude>
    <ClInclude Include="stream\adaptive_streaming_common.hpp">
      <Filter>src\stream</Filter>
    </ClInclude>
    <ClInclude Include="stream\apple_hls.hpp">
      <Filter>src\stream</Filter>
    </ClInclude>
    <ClInclude Include="stream\mpeg_dash.hpp">
      <Filter>src\stream</Filter>
    </ClInclude>
    <ClInclude Include="stream\ms_hss.hpp">
      <Filter>src\stream</Filter>
    </ClInclude>
    <ClInclude Include="transform\libavfilter.hpp">
      <Filter>src\transform</Filter>
    </ClInclude>
    <ClInclude Include="transform\telx2ttml.hpp">
      <Filter>src\transform</Filter>
    </ClInclude>
    <ClInclude Include="common\gpac.hpp">
      <Filter>src\common</Filter>
    </ClInclude>
    <ClInclude Include="out\http.hpp">
      <Filter>src\out</Filter>
    </ClInclude>
    <ClInclude Include="utils\repeater.hpp">
      <Filter>src\utils</Filter>
    </ClInclude>
    <ClInclude Include="in\mpeg_dash_input.hpp">
      <Filter>src\in</Filter>
    </ClInclude>
    <ClInclude Include="transform\time_rectifier.hpp">
      <Filter>src\transform</Filter>
    </ClInclude>
    <ClInclude Include="transform\telx.hpp">
      <Filter>src\transform</Filter>
    </ClInclude>
    <ClInclude Include="transform\telx_tables.hpp">
      <Filter>src\transform</Filter>
    </ClInclude>
    <ClInclude Include="mux\gpac_mux_mp4_mss.hpp">
      <Filter>src\mux</Filter>
    </ClInclude>
    <ClInclude Include="transform\audio_gap_filler.hpp">
      <Filter>src\transform</Filter>
    </ClInclude>
    <ClInclude Include="transform\telx_structs.hpp">
      <Filter>src\transform</Filter>
    </ClInclude>
    <ClInclude Include="out\aws_mediastore.hpp">
      <Filter>src\out</Filter>
    </ClInclude>
    <ClInclude Include="out\aws_sdk_instance.hpp">
      <Filter>src\out</Filter>
    </ClInclude>
  </ItemGroup>
  <ItemGroup>
    <Filter Include="src">
      <UniqueIdentifier>{e6a004cf-6ed1-4201-826a-194f17fe2e82}</UniqueIdentifier>
    </Filter>
    <Filter Include="src\in">
      <UniqueIdentifier>{fab4c3fa-cbbb-4e30-a26d-78576fa7a284}</UniqueIdentifier>
    </Filter>
    <Filter Include="src\out">
      <UniqueIdentifier>{880d9b7f-e880-41fb-a8e9-2734757a535a}</UniqueIdentifier>
    </Filter>
    <Filter Include="src\decode">
      <UniqueIdentifier>{60111243-1523-4440-950f-36aed49aadf3}</UniqueIdentifier>
    </Filter>
    <Filter Include="src\render">
      <UniqueIdentifier>{4304b39a-f159-4f42-a722-a9d309b6eb58}</UniqueIdentifier>
    </Filter>
    <Filter Include="src\encode">
      <UniqueIdentifier>{79e67636-3992-4331-8300-1c4d5edeed40}</UniqueIdentifier>
    </Filter>
    <Filter Include="src\mux">
      <UniqueIdentifier>{7a1ff8d2-1395-4646-964f-3496a3f08a35}</UniqueIdentifier>
    </Filter>
    <Filter Include="src\transform">
      <UniqueIdentifier>{0d6b4969-9ff4-4e61-abf7-852553cc1f3a}</UniqueIdentifier>
    </Filter>
    <Filter Include="src\utils">
      <UniqueIdentifier>{47f334e4-6644-49b7-9600-d39da21f0c55}</UniqueIdentifier>
    </Filter>
    <Filter Include="src\demux">
      <UniqueIdentifier>{ec1a0823-c1ad-4701-addf-41277612769c}</UniqueIdentifier>
    </Filter>
    <Filter Include="src\common">
      <UniqueIdentifier>{7fcf963d-4473-4899-94a8-49e43d7cc63a}</UniqueIdentifier>
    </Filter>
    <Filter Include="src\stream">
      <UniqueIdentifier>{17bb0527-ff4b-4ed2-9d10-7be12afe1ae0}</UniqueIdentifier>
    </Filter>
  </ItemGroup>
  <ItemGroup>
    <ClCompile Include="in\file.cpp">
      <Filter>src\in</Filter>
    </ClCompile>
    <ClCompile Include="in\sound_generator.cpp">
      <Filter>src\in</Filter>
    </ClCompile>
    <ClCompile Include="in\video_generator.cpp">
      <Filter>src\in</Filter>
    </ClCompile>
    <ClCompile Include="out\file.cpp">
      <Filter>src\out</Filter>
    </ClCompile>
    <ClCompile Include="out\null.cpp">
      <Filter>src\out</Filter>
    </ClCompile>
    <ClCompile Include="out\print.cpp">
      <Filter>src\out</Filter>
    </ClCompile>
    <ClCompile Include="decode\jpegturbo_decode.cpp">
      <Filter>src\decode</Filter>
    </ClCompile>
    <ClCompile Include="decode\libav_decode.cpp">
      <Filter>src\decode</Filter>
    </ClCompile>
    <ClCompile Include="render\sdl_audio.cpp">
      <Filter>src\render</Filter>
    </ClCompile>
    <ClCompile Include="render\sdl_common.cpp">
      <Filter>src\render</Filter>
    </ClCompile>
    <ClCompile Include="render\sdl_video.cpp">
      <Filter>src\render</Filter>
    </ClCompile>
    <ClCompile Include="encode\jpegturbo_encode.cpp">
      <Filter>src\encode</Filter>
    </ClCompile>
    <ClCompile Include="encode\libav_encode.cpp">
      <Filter>src\encode</Filter>
    </ClCompile>
    <ClCompile Include="mux\gpac_mux_m2ts.cpp">
      <Filter>src\mux</Filter>
    </ClCompile>
    <ClCompile Include="mux\gpac_mux_mp4.cpp">
      <Filter>src\mux</Filter>
    </ClCompile>
    <ClCompile Include="mux\libav_mux.cpp">
      <Filter>src\mux</Filter>
    </ClCompile>
    <ClCompile Include="transform\audio_convert.cpp">
      <Filter>src\transform</Filter>
    </ClCompile>
    <ClCompile Include="transform\restamp.cpp">
      <Filter>src\transform</Filter>
    </ClCompile>
    <ClCompile Include="transform\video_convert.cpp">
      <Filter>src\transform</Filter>
    </ClCompile>
    <ClCompile Include="utils\comparator.cpp">
      <Filter>src\utils</Filter>
    </ClCompile>
    <ClCompile Include="utils\recorder.cpp">
      <Filter>src\utils</Filter>
    </ClCompile>
    <ClCompile Include="demux\gpac_demux_mp4_full.cpp">
      <Filter>src\demux</Filter>
    </ClCompile>
    <ClCompile Include="demux\gpac_demux_mp4_simple.cpp">
      <Filter>src\demux</Filter>
    </ClCompile>
    <ClCompile Include="demux\libav_demux.cpp">
      <Filter>src\demux</Filter>
    </ClCompile>
    <ClCompile Include="common\libav.cpp">
      <Filter>src\common</Filter>
    </ClCompile>
    <ClCompile Include="common\picture.cpp">
      <Filter>src\common</Filter>
    </ClCompile>
    <ClCompile Include="stream\adaptive_streaming_common.cpp">
      <Filter>src\stream</Filter>
    </ClCompile>
    <ClCompile Include="stream\apple_hls.cpp">
      <Filter>src\stream</Filter>
    </ClCompile>
    <ClCompile Include="stream\mpeg_dash.cpp">
      <Filter>src\stream</Filter>
    </ClCompile>
    <ClCompile Include="stream\ms_hss.cpp">
      <Filter>src\stream</Filter>
    </ClCompile>
    <ClCompile Include="mux\gpac_mux_mp4_mss.cpp">
      <Filter>src\mux</Filter>
    </ClCompile>
    <ClCompile Include="transform\libavfilter.cpp">
      <Filter>src\transform</Filter>
    </ClCompile>
    <ClCompile Include="transform\telx2ttml.cpp">
      <Filter>src\transform</Filter>
    </ClCompile>
    <ClCompile Include="common\gpac.cpp">
      <Filter>src\common</Filter>
    </ClCompile>
    <ClCompile Include="out\http.cpp">
      <Filter>src\out</Filter>
    </ClCompile>
    <ClCompile Include="utils\repeater.cpp">
      <Filter>src\utils</Filter>
    </ClCompile>
    <ClCompile Include="in\mpeg_dash_input.cpp">
      <Filter>src\in</Filter>
    </ClCompile>
    <ClCompile Include="transform\time_rectifier.cpp">
      <Filter>src\transform</Filter>
    </ClCompile>
    <ClCompile Include="transform\audio_gap_filler.cpp">
      <Filter>src\transform</Filter>
    </ClCompile>
    <ClCompile Include="out\aws_mediastore.cpp">
      <Filter>src\out</Filter>
    </ClCompile>
    <ClCompile Include="out\aws_sdk_instance.cpp">
      <Filter>src\out</Filter>
    </ClCompile>
  </ItemGroup>
</Project>